
Microsoft Visual Studio Solution File, Format Version 12.00
# Visual Studio 14
VisualStudioVersion = 14.0.24720.0
MinimumVisualStudioVersion = 10.0.40219.1
Project("{FAE04EC0-301F-11D3-BF4B-00C04F79EFBC}") = "PlayingCards", "PlayingCards\PlayingCards.csproj", "{4707A805-96C4-4366-9353-E6E48B4037BE}"
EndProject
Global
	GlobalSection(SolutionConfigurationPlatforms) = preSolution
		Debug|Any CPU = Debug|Any CPU
		Release|Any CPU = Release|Any CPU
	EndGlobalSection
	GlobalSection(ProjectConfigurationPlatforms) = postSolution
		{4707A805-96C4-4366-9353-E6E48B4037BE}.Debug|Any CPU.ActiveCfg = Debug|Any CPU
		{4707A805-96C4-4366-9353-E6E48B4037BE}.Debug|Any CPU.Build.0 = Debug|Any CPU
		{4707A805-96C4-4366-9353-E6E48B4037BE}.Release|Any CPU.ActiveCfg = Release|Any CPU
		{4707A805-96C4-4366-9353-E6E48B4037BE}.Release|Any CPU.Build.0 = Release|Any CPU
	EndGlobalSection
	GlobalSection(SolutionProperties) = preSolution
		HideSolutionNode = FALSE
	EndGlobalSection
EndGlobal
